// !$*UTF8*$!
{
	archiveVersion = 1;
	classes = {
	};
	objectVersion = 46;
	objects = {

/* Begin PBXAggregateTarget section */
		0FA5B97054A947CB99AD861B /* ZERO_CHECK */ = {
			isa = PBXAggregateTarget;
			buildConfigurationList = DAE63DEAD3674348BE4E632F /* Build configuration list for PBXAggregateTarget "ZERO_CHECK" */;
			buildPhases = (
				18F8DA4FB14F4B759782BACB /* CMake Rules */,
			);
			dependencies = (
			);
			name = ZERO_CHECK;
			productName = ZERO_CHECK;
		};
		FA11BF1DDF79412099B8E756 /* ALL_BUILD */ = {
			isa = PBXAggregateTarget;
			buildConfigurationList = AA8442D7CA0B4419A2594808 /* Build configuration list for PBXAggregateTarget "ALL_BUILD" */;
			buildPhases = (
				D479D3DCFD624DC08CFECC59 /* CMake Rules */,
			);
			dependencies = (
				5859E46075F34AB589B9884D /* PBXTargetDependency */,
				E68594A1C37C47F69371C7C3 /* PBXTargetDependency */,
			);
			name = ALL_BUILD;
			productName = ALL_BUILD;
		};
/* End PBXAggregateTarget section */

/* Begin PBXBuildFile section */
		D1C7EFD5EFA14F2C985D7871 /* hoge.cc in Sources */ = {isa = PBXBuildFile; fileRef = A400BFC2A0524450A5993005 /* hoge.cc */; settings = {COMPILER_FLAGS = ""; }; };
/* End PBXBuildFile section */

/* Begin PBXContainerItemProxy section */
		0CA4706F127F4437874A082C /* PBXContainerItemProxy */ = {
			isa = PBXContainerItemProxy;
			containerPortal = 7B3244CA84444B0DA8E1FFF1 /* Project object */;
			proxyType = 1;
			remoteGlobalIDString = 0FA5B97054A947CB99AD861B;
			remoteInfo = ZERO_CHECK;
		};
		AF6DBC5478404A84BC3E8D3F /* PBXContainerItemProxy */ = {
			isa = PBXContainerItemProxy;
			containerPortal = 7B3244CA84444B0DA8E1FFF1 /* Project object */;
			proxyType = 1;
			remoteGlobalIDString = 0FA5B97054A947CB99AD861B;
			remoteInfo = ZERO_CHECK;
		};
		DC892D7894494E5E980D54DC /* PBXContainerItemProxy */ = {
			isa = PBXContainerItemProxy;
			containerPortal = 7B3244CA84444B0DA8E1FFF1 /* Project object */;
			proxyType = 1;
			remoteGlobalIDString = 9212705ADE7D47ACB8C15427;
			remoteInfo = libsmartdb;
		};
/* End PBXContainerItemProxy section */

/* Begin PBXFileReference section */
		A400BFC2A0524450A5993005 /* hoge.cc */ = {isa = PBXFileReference; explicitFileType = sourcecode.cpp.cpp; fileEncoding = 4; name = hoge.cc; path = lib/hoge.cc; sourceTree = SOURCE_ROOT; };
		EE5849F66EB54A3EB70AC020 /* liblibsmartdb.dylib */ = {isa = PBXFileReference; explicitFileType = "compiled.mach-o.dylib"; path = liblibsmartdb.dylib; sourceTree = BUILT_PRODUCTS_DIR; };
		FA96BB4755724AE8AA4E3223 /* CMakeLists.txt */ = {isa = PBXFileReference; explicitFileType = sourcecode.text; fileEncoding = 4; lastKnownFileType = text; path = CMakeLists.txt; sourceTree = SOURCE_ROOT; };
/* End PBXFileReference section */

/* Begin PBXGroup section */
		13DD10A3C4F0404F8E2A1BA7 /* Resources */ = {
			isa = PBXGroup;
			children = (
			);
			name = Resources;
			sourceTree = "<group>";
		};
		50BD6379AC09497D8A00FCE9 /* libsmartdb */ = {
			isa = PBXGroup;
			children = (
				B9970FE7FC3A4C7FA8F8BC85 /* Source Files */,
				FA96BB4755724AE8AA4E3223 /* CMakeLists.txt */,
			);
			name = libsmartdb;
			sourceTree = "<group>";
		};
		5B7669EA9E0F4D9BB88E98B9 /* CMake Rules */ = {
			isa = PBXGroup;
			children = (
			);
			name = "CMake Rules";
			sourceTree = "<group>";
		};
		8E84AA3E593649A38DAB2DC7 /* Sources */ = {
			isa = PBXGroup;
			children = (
				F2F4222CC4884DF9AAD2101E /* ALL_BUILD */,
				B69D9E9BC8584D148D1ED71C /* ZERO_CHECK */,
				50BD6379AC09497D8A00FCE9 /* libsmartdb */,
			);
			name = Sources;
			sourceTree = "<group>";
		};
		B69D9E9BC8584D148D1ED71C /* ZERO_CHECK */ = {
			isa = PBXGroup;
			children = (
				5B7669EA9E0F4D9BB88E98B9 /* CMake Rules */,
			);
			name = ZERO_CHECK;
			sourceTree = "<group>";
		};
		B9970FE7FC3A4C7FA8F8BC85 /* Source Files */ = {
			isa = PBXGroup;
			children = (
				A400BFC2A0524450A5993005 /* hoge.cc */,
			);
			name = "Source Files";
			sourceTree = "<group>";
		};
		C565C23326354C0E81A24764 /* CMake Rules */ = {
			isa = PBXGroup;
			children = (
			);
			name = "CMake Rules";
			sourceTree = "<group>";
		};
		D336A910255D4F4C9B1D0EF7 = {
			isa = PBXGroup;
			children = (
				8E84AA3E593649A38DAB2DC7 /* Sources */,
				13DD10A3C4F0404F8E2A1BA7 /* Resources */,
				F756118C1FFD4CDE92637388 /* Products */,
			);
			indentWidth = 2;
			sourceTree = "<group>";
			tabWidth = 2;
		};
		F2F4222CC4884DF9AAD2101E /* ALL_BUILD */ = {
			isa = PBXGroup;
			children = (
				C565C23326354C0E81A24764 /* CMake Rules */,
			);
			name = ALL_BUILD;
			sourceTree = "<group>";
		};
		F756118C1FFD4CDE92637388 /* Products */ = {
			isa = PBXGroup;
			children = (
				EE5849F66EB54A3EB70AC020 /* liblibsmartdb.dylib */,
			);
			name = Products;
			sourceTree = "<group>";
		};
/* End PBXGroup section */

/* Begin PBXNativeTarget section */
		9212705ADE7D47ACB8C15427 /* libsmartdb */ = {
			isa = PBXNativeTarget;
			buildConfigurationList = 2884E2327908471CA3F36547 /* Build configuration list for PBXNativeTarget "libsmartdb" */;
			buildPhases = (
				256B737283B14E7F9F8F2585 /* Sources */,
				89FFF24CFB674B6DB4944E9D /* CMake PostBuild Rules */,
			);
			buildRules = (
			);
			dependencies = (
				7A94812E029A45188A721808 /* PBXTargetDependency */,
			);
			name = libsmartdb;
			productName = libsmartdb;
			productReference = EE5849F66EB54A3EB70AC020 /* liblibsmartdb.dylib */;
			productType = "com.apple.product-type.library.dynamic";
		};
/* End PBXNativeTarget section */

/* Begin PBXProject section */
		7B3244CA84444B0DA8E1FFF1 /* Project object */ = {
			isa = PBXProject;
			attributes = {
				BuildIndependentTargetsInParallel = YES;
			};
			buildConfigurationList = 1818C1A84E1347E899A0CB82 /* Build configuration list for PBXProject "smartdb" */;
			compatibilityVersion = "Xcode 3.2";
			developmentRegion = English;
			hasScannedForEncodings = 0;
			knownRegions = (
				en,
			);
			mainGroup = D336A910255D4F4C9B1D0EF7;
			projectDirPath = "";
			projectRoot = "";
			targets = (
				FA11BF1DDF79412099B8E756 /* ALL_BUILD */,
				0FA5B97054A947CB99AD861B /* ZERO_CHECK */,
				9212705ADE7D47ACB8C15427 /* libsmartdb */,
			);
		};
/* End PBXProject section */

/* Begin PBXShellScriptBuildPhase section */
		18F8DA4FB14F4B759782BACB /* CMake Rules */ = {
			isa = PBXShellScriptBuildPhase;
			buildActionMask = 2147483647;
			files = (
			);
			name = "CMake Rules";
			runOnlyForDeploymentPostprocessing = 0;
			shellPath = /bin/sh;
			shellScript = "make -C /Users/nakatani.sho/git/smartdb -f /Users/nakatani.sho/git/smartdb/CMakeScripts/ZERO_CHECK_cmakeRulesBuildPhase.make$CONFIGURATION all";
			showEnvVarsInLog = 0;
		};
		89FFF24CFB674B6DB4944E9D /* CMake PostBuild Rules */ = {
			isa = PBXShellScriptBuildPhase;
			buildActionMask = 2147483647;
			files = (
			);
			name = "CMake PostBuild Rules";
			runOnlyForDeploymentPostprocessing = 0;
			shellPath = /bin/sh;
			shellScript = "make -C /Users/nakatani.sho/git/smartdb -f /Users/nakatani.sho/git/smartdb/CMakeScripts/libsmartdb_postBuildPhase.make$CONFIGURATION all";
			showEnvVarsInLog = 0;
		};
		D479D3DCFD624DC08CFECC59 /* CMake Rules */ = {
			isa = PBXShellScriptBuildPhase;
			buildActionMask = 2147483647;
			files = (
			);
			name = "CMake Rules";
			runOnlyForDeploymentPostprocessing = 0;
			shellPath = /bin/sh;
			shellScript = "make -C /Users/nakatani.sho/git/smartdb -f /Users/nakatani.sho/git/smartdb/CMakeScripts/ALL_BUILD_cmakeRulesBuildPhase.make$CONFIGURATION all";
			showEnvVarsInLog = 0;
		};
/* End PBXShellScriptBuildPhase section */

/* Begin PBXSourcesBuildPhase section */
		256B737283B14E7F9F8F2585 /* Sources */ = {
			isa = PBXSourcesBuildPhase;
			buildActionMask = 2147483647;
			files = (
				D1C7EFD5EFA14F2C985D7871 /* hoge.cc in Sources */,
			);
			runOnlyForDeploymentPostprocessing = 0;
		};
/* End PBXSourcesBuildPhase section */

/* Begin PBXTargetDependency section */
		5859E46075F34AB589B9884D /* PBXTargetDependency */ = {
			isa = PBXTargetDependency;
			target = 9212705ADE7D47ACB8C15427 /* libsmartdb */;
			targetProxy = DC892D7894494E5E980D54DC /* PBXContainerItemProxy */;
		};
		7A94812E029A45188A721808 /* PBXTargetDependency */ = {
			isa = PBXTargetDependency;
			target = 0FA5B97054A947CB99AD861B /* ZERO_CHECK */;
			targetProxy = 0CA4706F127F4437874A082C /* PBXContainerItemProxy */;
		};
		E68594A1C37C47F69371C7C3 /* PBXTargetDependency */ = {
			isa = PBXTargetDependency;
			target = 0FA5B97054A947CB99AD861B /* ZERO_CHECK */;
			targetProxy = AF6DBC5478404A84BC3E8D3F /* PBXContainerItemProxy */;
		};
/* End PBXTargetDependency section */

/* Begin XCBuildConfiguration section */
		080C55DDE2F1401E83EED940 /* RelWithDebInfo */ = {
			isa = XCBuildConfiguration;
			buildSettings = {
				COMBINE_HIDPI_IMAGES = YES;
				GCC_GENERATE_DEBUGGING_SYMBOLS = NO;
				GCC_INLINES_ARE_PRIVATE_EXTERN = NO;
				GCC_OPTIMIZATION_LEVEL = 0;
				GCC_PREPROCESSOR_DEFINITIONS = "'CMAKE_INTDIR=\"$(CONFIGURATION)$(EFFECTIVE_PLATFORM_NAME)\"'";
				GCC_SYMBOLS_PRIVATE_EXTERN = NO;
				INSTALL_PATH = "";
				OTHER_CFLAGS = "  ";
				OTHER_LDFLAGS = " ";
				OTHER_REZFLAGS = "";
				PRODUCT_NAME = ZERO_CHECK;
				SECTORDER_FLAGS = "";
				SYMROOT = /Users/nakatani.sho/git/smartdb;
				USE_HEADERMAP = NO;
				WARNING_CFLAGS = (
					"-Wmost",
					"-Wno-four-char-constants",
					"-Wno-unknown-pragmas",
				);
			};
			name = RelWithDebInfo;
		};
		0F8449AA310F4B1E80160293 /* Release */ = {
			isa = XCBuildConfiguration;
			buildSettings = {
				COMBINE_HIDPI_IMAGES = YES;
				DYLIB_COMPATIBILITY_VERSION = "";
				DYLIB_CURRENT_VERSION = "";
				EXECUTABLE_PREFIX = lib;
				EXECUTABLE_SUFFIX = .dylib;
				GCC_GENERATE_DEBUGGING_SYMBOLS = NO;
				GCC_INLINES_ARE_PRIVATE_EXTERN = NO;
				GCC_OPTIMIZATION_LEVEL = 3;
				GCC_PREPROCESSOR_DEFINITIONS = (
					"'CMAKE_INTDIR=\"$(CONFIGURATION)$(EFFECTIVE_PLATFORM_NAME)\"'",
					libsmartdb_EXPORTS,
				);
				GCC_SYMBOLS_PRIVATE_EXTERN = NO;
				INSTALL_PATH = /Users/nakatani.sho/git/smartdb/Release;
				LIBRARY_SEARCH_PATHS = "";
				LIBRARY_STYLE = DYNAMIC;
				OTHER_CFLAGS = (
					"-DNDEBUG",
					"-fPIC",
				);
				OTHER_CPLUSPLUSFLAGS = (
					"-DNDEBUG",
					"-fPIC",
				);
				OTHER_LDFLAGS = (
					"-dynamiclib",
					"-Wl,-headerpad_max_install_names",
				);
				OTHER_REZFLAGS = "";
				PRODUCT_NAME = libsmartdb;
				SECTORDER_FLAGS = "";
				SYMROOT = /Users/nakatani.sho/git/smartdb;
				USE_HEADERMAP = NO;
				WARNING_CFLAGS = (
					"-Wmost",
					"-Wno-four-char-constants",
					"-Wno-unknown-pragmas",
				);
			};
			name = Release;
		};
		416485D8714143ED948B2AB2 /* RelWithDebInfo */ = {
			isa = XCBuildConfiguration;
			buildSettings = {
				ARCHS = "$(ARCHS_STANDARD_32_64_BIT)";
				ONLY_ACTIVE_ARCH = YES;
				SDKROOT = /Applications/Xcode.app/Contents/Developer/Platforms/MacOSX.platform/Developer/SDKs/MacOSX10.9.sdk;
				SYMROOT = /Users/nakatani.sho/git/smartdb/build;
			};
			name = RelWithDebInfo;
		};
		5AC6962CA8654BAE86079D7B /* RelWithDebInfo */ = {
			isa = XCBuildConfiguration;
			buildSettings = {
				COMBINE_HIDPI_IMAGES = YES;
				DYLIB_COMPATIBILITY_VERSION = "";
				DYLIB_CURRENT_VERSION = "";
				EXECUTABLE_PREFIX = lib;
				EXECUTABLE_SUFFIX = .dylib;
				GCC_GENERATE_DEBUGGING_SYMBOLS = YES;
				GCC_INLINES_ARE_PRIVATE_EXTERN = NO;
				GCC_OPTIMIZATION_LEVEL = 2;
				GCC_PREPROCESSOR_DEFINITIONS = (
					"'CMAKE_INTDIR=\"$(CONFIGURATION)$(EFFECTIVE_PLATFORM_NAME)\"'",
					libsmartdb_EXPORTS,
				);
				GCC_SYMBOLS_PRIVATE_EXTERN = NO;
				INSTALL_PATH = /Users/nakatani.sho/git/smartdb/RelWithDebInfo;
				LIBRARY_SEARCH_PATHS = "";
				LIBRARY_STYLE = DYNAMIC;
				OTHER_CFLAGS = (
					"-DNDEBUG",
					"-fPIC",
				);
				OTHER_CPLUSPLUSFLAGS = (
					"-DNDEBUG",
					"-fPIC",
				);
				OTHER_LDFLAGS = (
					"-dynamiclib",
					"-Wl,-headerpad_max_install_names",
				);
				OTHER_REZFLAGS = "";
				PRODUCT_NAME = libsmartdb;
				SECTORDER_FLAGS = "";
				SYMROOT = /Users/nakatani.sho/git/smartdb;
				USE_HEADERMAP = NO;
				WARNING_CFLAGS = (
					"-Wmost",
					"-Wno-four-char-constants",
					"-Wno-unknown-pragmas",
				);
			};
			name = RelWithDebInfo;
		};
		6BE0E92211394F61ABDA2903 /* MinSizeRel */ = {
			isa = XCBuildConfiguration;
			buildSettings = {
				ARCHS = "$(ARCHS_STANDARD_32_64_BIT)";
				ONLY_ACTIVE_ARCH = YES;
				SDKROOT = /Applications/Xcode.app/Contents/Developer/Platforms/MacOSX.platform/Developer/SDKs/MacOSX10.9.sdk;
				SYMROOT = /Users/nakatani.sho/git/smartdb/build;
			};
			name = MinSizeRel;
		};
		75FBB8EA0EC64F58B7372CB0 /* RelWithDebInfo */ = {
			isa = XCBuildConfiguration;
			buildSettings = {
				COMBINE_HIDPI_IMAGES = YES;
				GCC_GENERATE_DEBUGGING_SYMBOLS = NO;
				GCC_INLINES_ARE_PRIVATE_EXTERN = NO;
				GCC_OPTIMIZATION_LEVEL = 0;
				GCC_PREPROCESSOR_DEFINITIONS = "'CMAKE_INTDIR=\"$(CONFIGURATION)$(EFFECTIVE_PLATFORM_NAME)\"'";
				GCC_SYMBOLS_PRIVATE_EXTERN = NO;
				INSTALL_PATH = "";
				OTHER_CFLAGS = "  ";
				OTHER_LDFLAGS = " ";
				OTHER_REZFLAGS = "";
				PRODUCT_NAME = ALL_BUILD;
				SECTORDER_FLAGS = "";
				SYMROOT = /Users/nakatani.sho/git/smartdb;
				USE_HEADERMAP = NO;
				WARNING_CFLAGS = (
					"-Wmost",
					"-Wno-four-char-constants",
					"-Wno-unknown-pragmas",
				);
			};
			name = RelWithDebInfo;
		};
		7DFFF8194FC14BB88BEA3F10 /* Release */ = {
			isa = XCBuildConfiguration;
			buildSettings = {
				COMBINE_HIDPI_IMAGES = YES;
				GCC_GENERATE_DEBUGGING_SYMBOLS = NO;
				GCC_INLINES_ARE_PRIVATE_EXTERN = NO;
				GCC_OPTIMIZATION_LEVEL = 0;
				GCC_PREPROCESSOR_DEFINITIONS = "'CMAKE_INTDIR=\"$(CONFIGURATION)$(EFFECTIVE_PLATFORM_NAME)\"'";
				GCC_SYMBOLS_PRIVATE_EXTERN = NO;
				INSTALL_PATH = "";
				OTHER_CFLAGS = "  ";
				OTHER_LDFLAGS = " ";
				OTHER_REZFLAGS = "";
				PRODUCT_NAME = ZERO_CHECK;
				SECTORDER_FLAGS = "";
				SYMROOT = /Users/nakatani.sho/git/smartdb;
				USE_HEADERMAP = NO;
				WARNING_CFLAGS = (
					"-Wmost",
					"-Wno-four-char-constants",
					"-Wno-unknown-pragmas",
				);
			};
			name = Release;
		};
		8B2DDD4E45384AE8B552F7D0 /* MinSizeRel */ = {
			isa = XCBuildConfiguration;
			buildSettings = {
				COMBINE_HIDPI_IMAGES = YES;
				DYLIB_COMPATIBILITY_VERSION = "";
				DYLIB_CURRENT_VERSION = "";
				EXECUTABLE_PREFIX = lib;
				EXECUTABLE_SUFFIX = .dylib;
				GCC_GENERATE_DEBUGGING_SYMBOLS = NO;
				GCC_INLINES_ARE_PRIVATE_EXTERN = NO;
				GCC_OPTIMIZATION_LEVEL = s;
				GCC_PREPROCESSOR_DEFINITIONS = (
					"'CMAKE_INTDIR=\"$(CONFIGURATION)$(EFFECTIVE_PLATFORM_NAME)\"'",
					libsmartdb_EXPORTS,
				);
				GCC_SYMBOLS_PRIVATE_EXTERN = NO;
				INSTALL_PATH = /Users/nakatani.sho/git/smartdb/MinSizeRel;
				LIBRARY_SEARCH_PATHS = "";
				LIBRARY_STYLE = DYNAMIC;
				OTHER_CFLAGS = (
					"-DNDEBUG",
					"-fPIC",
				);
				OTHER_CPLUSPLUSFLAGS = (
					"-DNDEBUG",
					"-fPIC",
				);
				OTHER_LDFLAGS = (
					"-dynamiclib",
					"-Wl,-headerpad_max_install_names",
				);
				OTHER_REZFLAGS = "";
				PRODUCT_NAME = libsmartdb;
				SECTORDER_FLAGS = "";
				SYMROOT = /Users/nakatani.sho/git/smartdb;
				USE_HEADERMAP = NO;
				WARNING_CFLAGS = (
					"-Wmost",
					"-Wno-four-char-constants",
					"-Wno-unknown-pragmas",
				);
			};
			name = MinSizeRel;
		};
		9C65EB75CCAD4DF084537728 /* Release */ = {
			isa = XCBuildConfiguration;
			buildSettings = {
				COMBINE_HIDPI_IMAGES = YES;
				GCC_GENERATE_DEBUGGING_SYMBOLS = NO;
				GCC_INLINES_ARE_PRIVATE_EXTERN = NO;
				GCC_OPTIMIZATION_LEVEL = 0;
				GCC_PREPROCESSOR_DEFINITIONS = "'CMAKE_INTDIR=\"$(CONFIGURATION)$(EFFECTIVE_PLATFORM_NAME)\"'";
				GCC_SYMBOLS_PRIVATE_EXTERN = NO;
				INSTALL_PATH = "";
				OTHER_CFLAGS = "  ";
				OTHER_LDFLAGS = " ";
				OTHER_REZFLAGS = "";
				PRODUCT_NAME = ALL_BUILD;
				SECTORDER_FLAGS = "";
				SYMROOT = /Users/nakatani.sho/git/smartdb;
				USE_HEADERMAP = NO;
				WARNING_CFLAGS = (
					"-Wmost",
					"-Wno-four-char-constants",
					"-Wno-unknown-pragmas",
				);
			};
			name = Release;
		};
		C2A76CED7CB949199503F1EB /* Debug */ = {
			isa = XCBuildConfiguration;
			buildSettings = {
				COMBINE_HIDPI_IMAGES = YES;
				GCC_GENERATE_DEBUGGING_SYMBOLS = NO;
				GCC_INLINES_ARE_PRIVATE_EXTERN = NO;
				GCC_OPTIMIZATION_LEVEL = 0;
				GCC_PREPROCESSOR_DEFINITIONS = "'CMAKE_INTDIR=\"$(CONFIGURATION)$(EFFECTIVE_PLATFORM_NAME)\"'";
				GCC_SYMBOLS_PRIVATE_EXTERN = NO;
				INSTALL_PATH = "";
				OTHER_CFLAGS = "  ";
				OTHER_LDFLAGS = " ";
				OTHER_REZFLAGS = "";
				PRODUCT_NAME = ALL_BUILD;
				SECTORDER_FLAGS = "";
				SYMROOT = /Users/nakatani.sho/git/smartdb;
				USE_HEADERMAP = NO;
				WARNING_CFLAGS = (
					"-Wmost",
					"-Wno-four-char-constants",
					"-Wno-unknown-pragmas",
				);
			};
			name = Debug;
		};
		C78C1AB6DA774A918B0CF550 /* Debug */ = {
			isa = XCBuildConfiguration;
			buildSettings = {
				COMBINE_HIDPI_IMAGES = YES;
				GCC_GENERATE_DEBUGGING_SYMBOLS = NO;
				GCC_INLINES_ARE_PRIVATE_EXTERN = NO;
				GCC_OPTIMIZATION_LEVEL = 0;
				GCC_PREPROCESSOR_DEFINITIONS = "'CMAKE_INTDIR=\"$(CONFIGURATION)$(EFFECTIVE_PLATFORM_NAME)\"'";
				GCC_SYMBOLS_PRIVATE_EXTERN = NO;
				INSTALL_PATH = "";
				OTHER_CFLAGS = "  ";
				OTHER_LDFLAGS = " ";
				OTHER_REZFLAGS = "";
				PRODUCT_NAME = ZERO_CHECK;
				SECTORDER_FLAGS = "";
				SYMROOT = /Users/nakatani.sho/git/smartdb;
				USE_HEADERMAP = NO;
				WARNING_CFLAGS = (
					"-Wmost",
					"-Wno-four-char-constants",
					"-Wno-unknown-pragmas",
				);
			};
			name = Debug;
		};
		CEB19B7CAA9F4630A9321F85 /* Release */ = {
			isa = XCBuildConfiguration;
			buildSettings = {
				ARCHS = "$(ARCHS_STANDARD_32_64_BIT)";
				ONLY_ACTIVE_ARCH = YES;
				SDKROOT = /Applications/Xcode.app/Contents/Developer/Platforms/MacOSX.platform/Developer/SDKs/MacOSX10.9.sdk;
				SYMROOT = /Users/nakatani.sho/git/smartdb/build;
			};
			name = Release;
		};
		CF8039ED84604CC597A94AAC /* Debug */ = {
			isa = XCBuildConfiguration;
			buildSettings = {
				ARCHS = "$(ARCHS_STANDARD_32_64_BIT)";
				ONLY_ACTIVE_ARCH = YES;
				SDKROOT = /Applications/Xcode.app/Contents/Developer/Platforms/MacOSX.platform/Developer/SDKs/MacOSX10.9.sdk;
				SYMROOT = /Users/nakatani.sho/git/smartdb/build;
			};
			name = Debug;
		};
		E1A8BA8F4D334E57BE5F58DD /* MinSizeRel */ = {
			isa = XCBuildConfiguration;
			buildSettings = {
				COMBINE_HIDPI_IMAGES = YES;
				GCC_GENERATE_DEBUGGING_SYMBOLS = NO;
				GCC_INLINES_ARE_PRIVATE_EXTERN = NO;
				GCC_OPTIMIZATION_LEVEL = 0;
				GCC_PREPROCESSOR_DEFINITIONS = "'CMAKE_INTDIR=\"$(CONFIGURATION)$(EFFECTIVE_PLATFORM_NAME)\"'";
				GCC_SYMBOLS_PRIVATE_EXTERN = NO;
				INSTALL_PATH = "";
				OTHER_CFLAGS = "  ";
				OTHER_LDFLAGS = " ";
				OTHER_REZFLAGS = "";
				PRODUCT_NAME = ALL_BUILD;
				SECTORDER_FLAGS = "";
				SYMROOT = /Users/nakatani.sho/git/smartdb;
				USE_HEADERMAP = NO;
				WARNING_CFLAGS = (
					"-Wmost",
					"-Wno-four-char-constants",
					"-Wno-unknown-pragmas",
				);
			};
			name = MinSizeRel;
		};
		E6FD1930F8DF4B52B9653F1D /* Debug */ = {
			isa = XCBuildConfiguration;
			buildSettings = {
				COMBINE_HIDPI_IMAGES = YES;
				DYLIB_COMPATIBILITY_VERSION = "";
				DYLIB_CURRENT_VERSION = "";
				EXECUTABLE_PREFIX = lib;
				EXECUTABLE_SUFFIX = .dylib;
				GCC_GENERATE_DEBUGGING_SYMBOLS = YES;
				GCC_INLINES_ARE_PRIVATE_EXTERN = NO;
				GCC_OPTIMIZATION_LEVEL = 0;
				GCC_PREPROCESSOR_DEFINITIONS = (
					"'CMAKE_INTDIR=\"$(CONFIGURATION)$(EFFECTIVE_PLATFORM_NAME)\"'",
					libsmartdb_EXPORTS,
				);
				GCC_SYMBOLS_PRIVATE_EXTERN = NO;
				INSTALL_PATH = /Users/nakatani.sho/git/smartdb/Debug;
				LIBRARY_SEARCH_PATHS = "";
				LIBRARY_STYLE = DYNAMIC;
				OTHER_CFLAGS = "   -fPIC  ";
				OTHER_CPLUSPLUSFLAGS = "   -fPIC  ";
				OTHER_LDFLAGS = (
					"-dynamiclib",
					"-Wl,-headerpad_max_install_names",
				);
				OTHER_REZFLAGS = "";
				PRODUCT_NAME = libsmartdb;
				SECTORDER_FLAGS = "";
				SYMROOT = /Users/nakatani.sho/git/smartdb;
				USE_HEADERMAP = NO;
				WARNING_CFLAGS = (
					"-Wmost",
					"-Wno-four-char-constants",
					"-Wno-unknown-pragmas",
				);
			};
			name = Debug;
		};
		EA4AA14FDCF4496681EE66CC /* MinSizeRel */ = {
			isa = XCBuildConfiguration;
			buildSettings = {
				COMBINE_HIDPI_IMAGES = YES;
				GCC_GENERATE_DEBUGGING_SYMBOLS = NO;
				GCC_INLINES_ARE_PRIVATE_EXTERN = NO;
				GCC_OPTIMIZATION_LEVEL = 0;
				GCC_PREPROCESSOR_DEFINITIONS = "'CMAKE_INTDIR=\"$(CONFIGURATION)$(EFFECTIVE_PLATFORM_NAME)\"'";
				GCC_SYMBOLS_PRIVATE_EXTERN = NO;
				INSTALL_PATH = "";
				OTHER_CFLAGS = "  ";
				OTHER_LDFLAGS = " ";
				OTHER_REZFLAGS = "";
				PRODUCT_NAME = ZERO_CHECK;
				SECTORDER_FLAGS = "";
				SYMROOT = /Users/nakatani.sho/git/smartdb;
				USE_HEADERMAP = NO;
				WARNING_CFLAGS = (
					"-Wmost",
					"-Wno-four-char-constants",
					"-Wno-unknown-pragmas",
				);
			};
			name = MinSizeRel;
		};
/* End XCBuildConfiguration section */

/* Begin XCConfigurationList section */
		1818C1A84E1347E899A0CB82 /* Build configuration list for PBXProject "smartdb" */ = {
			isa = XCConfigurationList;
			buildConfigurations = (
				CF8039ED84604CC597A94AAC /* Debug */,
				CEB19B7CAA9F4630A9321F85 /* Release */,
				6BE0E92211394F61ABDA2903 /* MinSizeRel */,
				416485D8714143ED948B2AB2 /* RelWithDebInfo */,
			);
			defaultConfigurationIsVisible = 0;
			defaultConfigurationName = Debug;
		};
		2884E2327908471CA3F36547 /* Build configuration list for PBXNativeTarget "libsmartdb" */ = {
			isa = XCConfigurationList;
			buildConfigurations = (
				E6FD1930F8DF4B52B9653F1D /* Debug */,
				0F8449AA310F4B1E80160293 /* Release */,
				8B2DDD4E45384AE8B552F7D0 /* MinSizeRel */,
				5AC6962CA8654BAE86079D7B /* RelWithDebInfo */,
			);
			defaultConfigurationIsVisible = 0;
			defaultConfigurationName = Debug;
		};
		AA8442D7CA0B4419A2594808 /* Build configuration list for PBXAggregateTarget "ALL_BUILD" */ = {
			isa = XCConfigurationList;
			buildConfigurations = (
				C2A76CED7CB949199503F1EB /* Debug */,
				9C65EB75CCAD4DF084537728 /* Release */,
				E1A8BA8F4D334E57BE5F58DD /* MinSizeRel */,
				75FBB8EA0EC64F58B7372CB0 /* RelWithDebInfo */,
			);
			defaultConfigurationIsVisible = 0;
			defaultConfigurationName = Debug;
		};
		DAE63DEAD3674348BE4E632F /* Build configuration list for PBXAggregateTarget "ZERO_CHECK" */ = {
			isa = XCConfigurationList;
			buildConfigurations = (
				C78C1AB6DA774A918B0CF550 /* Debug */,
				7DFFF8194FC14BB88BEA3F10 /* Release */,
				EA4AA14FDCF4496681EE66CC /* MinSizeRel */,
				080C55DDE2F1401E83EED940 /* RelWithDebInfo */,
			);
			defaultConfigurationIsVisible = 0;
			defaultConfigurationName = Debug;
		};
/* End XCConfigurationList section */
	};
	rootObject = 7B3244CA84444B0DA8E1FFF1 /* Project object */;
}
