// !$*UTF8*$!
{
	archiveVersion = 1;
	classes = {
	};
	objectVersion = 46;
	objects = {

/* Begin PBXAggregateTarget section */
		0FA5B97054A947CB99AD861B /* ZERO_CHECK */ = {
			isa = PBXAggregateTarget;
			buildConfigurationList = 96AA9A050BAF45919075ECDB /* Build configuration list for PBXAggregateTarget "ZERO_CHECK" */;
			buildPhases = (
				A7F53F22A5FA42D7B8F77735 /* CMake Rules */,
			);
			dependencies = (
			);
			name = ZERO_CHECK;
			productName = ZERO_CHECK;
		};
		FA11BF1DDF79412099B8E756 /* ALL_BUILD */ = {
			isa = PBXAggregateTarget;
			buildConfigurationList = 07938FA421CA492F9A5D1ACB /* Build configuration list for PBXAggregateTarget "ALL_BUILD" */;
			buildPhases = (
				719488BF8C514071AC790AFD /* CMake Rules */,
			);
			dependencies = (
				888599BA1C314FD28FC916E5 /* PBXTargetDependency */,
				9857CC1F378E48C299A0525B /* PBXTargetDependency */,
			);
			name = ALL_BUILD;
			productName = ALL_BUILD;
		};
/* End PBXAggregateTarget section */

/* Begin PBXBuildFile section */
		02020EE46039415FACF734B7 /* csv.cc in Sources */ = {isa = PBXBuildFile; fileRef = 917E4E7E2B9D4D10BAD14734 /* csv.cc */; settings = {COMPILER_FLAGS = ""; }; };
		FB7169DB34374C8095A3F1AE /* hoge.cc in Sources */ = {isa = PBXBuildFile; fileRef = 27215206124A49DCA5C5695E /* hoge.cc */; settings = {COMPILER_FLAGS = ""; }; };
/* End PBXBuildFile section */

/* Begin PBXContainerItemProxy section */
		5F4CD49BC88641FA9E5AE10F /* PBXContainerItemProxy */ = {
			isa = PBXContainerItemProxy;
			containerPortal = 7B3244CA84444B0DA8E1FFF1 /* Project object */;
			proxyType = 1;
			remoteGlobalIDString = 0FA5B97054A947CB99AD861B;
			remoteInfo = ZERO_CHECK;
		};
		88CCFDCC452C47AD9AAB21DE /* PBXContainerItemProxy */ = {
			isa = PBXContainerItemProxy;
			containerPortal = 7B3244CA84444B0DA8E1FFF1 /* Project object */;
			proxyType = 1;
			remoteGlobalIDString = 0FA5B97054A947CB99AD861B;
			remoteInfo = ZERO_CHECK;
		};
		E29D2EED4E334736A8DFFAF9 /* PBXContainerItemProxy */ = {
			isa = PBXContainerItemProxy;
			containerPortal = 7B3244CA84444B0DA8E1FFF1 /* Project object */;
			proxyType = 1;
			remoteGlobalIDString = 9212705ADE7D47ACB8C15427;
			remoteInfo = libsmartdb;
		};
/* End PBXContainerItemProxy section */

/* Begin PBXFileReference section */
		27215206124A49DCA5C5695E /* hoge.cc */ = {isa = PBXFileReference; explicitFileType = sourcecode.cpp.cpp; fileEncoding = 4; name = hoge.cc; path = lib/hoge.cc; sourceTree = SOURCE_ROOT; };
		917E4E7E2B9D4D10BAD14734 /* csv.cc */ = {isa = PBXFileReference; explicitFileType = sourcecode.cpp.cpp; fileEncoding = 4; indentWidth = 2; name = csv.cc; path = lib/storage/csv.cc; sourceTree = SOURCE_ROOT; tabWidth = 2; };
		B1838716703240EE87A8A90E /* CMakeLists.txt */ = {isa = PBXFileReference; explicitFileType = sourcecode.text; fileEncoding = 4; lastKnownFileType = text; path = CMakeLists.txt; sourceTree = SOURCE_ROOT; };
		CCA34B289E9E432391D66852 /* liblibsmartdb.dylib */ = {isa = PBXFileReference; explicitFileType = "compiled.mach-o.dylib"; path = liblibsmartdb.dylib; sourceTree = BUILT_PRODUCTS_DIR; };
/* End PBXFileReference section */

/* Begin PBXGroup section */
		2DE96391B60B404E999DEA57 /* CMake Rules */ = {
			isa = PBXGroup;
			children = (
			);
			name = "CMake Rules";
			sourceTree = "<group>";
		};
		8452483E6E7446B59B1D459D /* libsmartdb */ = {
			isa = PBXGroup;
			children = (
				B6DAB89F016A40B3B9E975C3 /* Source Files */,
				B1838716703240EE87A8A90E /* CMakeLists.txt */,
			);
			name = libsmartdb;
			sourceTree = "<group>";
		};
		8A59C895FAC14F738792EF6C = {
			isa = PBXGroup;
			children = (
				A25B275ADCA94717BEEC3FF2 /* Sources */,
				A3A6C871764E48AFBA4A1612 /* Resources */,
				FDED8FDBBA8848E8B178047D /* Products */,
			);
			sourceTree = "<group>";
		};
		A25B275ADCA94717BEEC3FF2 /* Sources */ = {
			isa = PBXGroup;
			children = (
				B7E16CA18011481587FE4A61 /* ALL_BUILD */,
				B564C72058F64A7DAB94F83F /* ZERO_CHECK */,
				8452483E6E7446B59B1D459D /* libsmartdb */,
			);
			name = Sources;
			sourceTree = "<group>";
		};
		A3A6C871764E48AFBA4A1612 /* Resources */ = {
			isa = PBXGroup;
			children = (
			);
			name = Resources;
			sourceTree = "<group>";
		};
		A52F1AE593CD4C69AEDB2E8B /* CMake Rules */ = {
			isa = PBXGroup;
			children = (
			);
			name = "CMake Rules";
			sourceTree = "<group>";
		};
		B564C72058F64A7DAB94F83F /* ZERO_CHECK */ = {
			isa = PBXGroup;
			children = (
				A52F1AE593CD4C69AEDB2E8B /* CMake Rules */,
			);
			name = ZERO_CHECK;
			sourceTree = "<group>";
		};
		B6DAB89F016A40B3B9E975C3 /* Source Files */ = {
			isa = PBXGroup;
			children = (
				27215206124A49DCA5C5695E /* hoge.cc */,
				917E4E7E2B9D4D10BAD14734 /* csv.cc */,
			);
			name = "Source Files";
			sourceTree = "<group>";
		};
		B7E16CA18011481587FE4A61 /* ALL_BUILD */ = {
			isa = PBXGroup;
			children = (
				2DE96391B60B404E999DEA57 /* CMake Rules */,
			);
			name = ALL_BUILD;
			sourceTree = "<group>";
		};
		FDED8FDBBA8848E8B178047D /* Products */ = {
			isa = PBXGroup;
			children = (
				CCA34B289E9E432391D66852 /* liblibsmartdb.dylib */,
			);
			name = Products;
			sourceTree = "<group>";
		};
/* End PBXGroup section */

/* Begin PBXNativeTarget section */
		9212705ADE7D47ACB8C15427 /* libsmartdb */ = {
			isa = PBXNativeTarget;
			buildConfigurationList = 2E4A66FC50C2461E9D96355F /* Build configuration list for PBXNativeTarget "libsmartdb" */;
			buildPhases = (
				5AEE9DEB503342E784AB99E1 /* Sources */,
				213D62F8C94D48C4932391D5 /* CMake PostBuild Rules */,
			);
			buildRules = (
			);
			dependencies = (
				09436D95B3544587A900BE45 /* PBXTargetDependency */,
			);
			name = libsmartdb;
			productName = libsmartdb;
			productReference = CCA34B289E9E432391D66852 /* liblibsmartdb.dylib */;
			productType = "com.apple.product-type.library.dynamic";
		};
/* End PBXNativeTarget section */

/* Begin PBXProject section */
		7B3244CA84444B0DA8E1FFF1 /* Project object */ = {
			isa = PBXProject;
			attributes = {
				BuildIndependentTargetsInParallel = YES;
			};
			buildConfigurationList = FF8ECFE2135E4CF8B196C248 /* Build configuration list for PBXProject "smartdb" */;
			compatibilityVersion = "Xcode 3.2";
			developmentRegion = English;
			hasScannedForEncodings = 0;
			knownRegions = (
				en,
			);
			mainGroup = 8A59C895FAC14F738792EF6C;
			projectDirPath = "";
			projectRoot = "";
			targets = (
				FA11BF1DDF79412099B8E756 /* ALL_BUILD */,
				0FA5B97054A947CB99AD861B /* ZERO_CHECK */,
				9212705ADE7D47ACB8C15427 /* libsmartdb */,
			);
		};
/* End PBXProject section */

/* Begin PBXShellScriptBuildPhase section */
		213D62F8C94D48C4932391D5 /* CMake PostBuild Rules */ = {
			isa = PBXShellScriptBuildPhase;
			buildActionMask = 2147483647;
			files = (
			);
			name = "CMake PostBuild Rules";
			runOnlyForDeploymentPostprocessing = 0;
			shellPath = /bin/sh;
			shellScript = "make -C /Users/nakatani.sho/git/smartdb -f /Users/nakatani.sho/git/smartdb/CMakeScripts/libsmartdb_postBuildPhase.make$CONFIGURATION all";
			showEnvVarsInLog = 0;
		};
		719488BF8C514071AC790AFD /* CMake Rules */ = {
			isa = PBXShellScriptBuildPhase;
			buildActionMask = 2147483647;
			files = (
			);
			name = "CMake Rules";
			runOnlyForDeploymentPostprocessing = 0;
			shellPath = /bin/sh;
			shellScript = "make -C /Users/nakatani.sho/git/smartdb -f /Users/nakatani.sho/git/smartdb/CMakeScripts/ALL_BUILD_cmakeRulesBuildPhase.make$CONFIGURATION all";
			showEnvVarsInLog = 0;
		};
		A7F53F22A5FA42D7B8F77735 /* CMake Rules */ = {
			isa = PBXShellScriptBuildPhase;
			buildActionMask = 2147483647;
			files = (
			);
			name = "CMake Rules";
			runOnlyForDeploymentPostprocessing = 0;
			shellPath = /bin/sh;
			shellScript = "make -C /Users/nakatani.sho/git/smartdb -f /Users/nakatani.sho/git/smartdb/CMakeScripts/ZERO_CHECK_cmakeRulesBuildPhase.make$CONFIGURATION all";
			showEnvVarsInLog = 0;
		};
/* End PBXShellScriptBuildPhase section */

/* Begin PBXSourcesBuildPhase section */
		5AEE9DEB503342E784AB99E1 /* Sources */ = {
			isa = PBXSourcesBuildPhase;
			buildActionMask = 2147483647;
			files = (
				FB7169DB34374C8095A3F1AE /* hoge.cc in Sources */,
				02020EE46039415FACF734B7 /* csv.cc in Sources */,
			);
			runOnlyForDeploymentPostprocessing = 0;
		};
/* End PBXSourcesBuildPhase section */

/* Begin PBXTargetDependency section */
		09436D95B3544587A900BE45 /* PBXTargetDependency */ = {
			isa = PBXTargetDependency;
			target = 0FA5B97054A947CB99AD861B /* ZERO_CHECK */;
			targetProxy = 88CCFDCC452C47AD9AAB21DE /* PBXContainerItemProxy */;
		};
		888599BA1C314FD28FC916E5 /* PBXTargetDependency */ = {
			isa = PBXTargetDependency;
			target = 9212705ADE7D47ACB8C15427 /* libsmartdb */;
			targetProxy = E29D2EED4E334736A8DFFAF9 /* PBXContainerItemProxy */;
		};
		9857CC1F378E48C299A0525B /* PBXTargetDependency */ = {
			isa = PBXTargetDependency;
			target = 0FA5B97054A947CB99AD861B /* ZERO_CHECK */;
			targetProxy = 5F4CD49BC88641FA9E5AE10F /* PBXContainerItemProxy */;
		};
/* End PBXTargetDependency section */

/* Begin XCBuildConfiguration section */
		02D093C8EEA54EA59D779F0D /* Debug */ = {
			isa = XCBuildConfiguration;
			buildSettings = {
				COMBINE_HIDPI_IMAGES = YES;
				GCC_GENERATE_DEBUGGING_SYMBOLS = NO;
				GCC_INLINES_ARE_PRIVATE_EXTERN = NO;
				GCC_OPTIMIZATION_LEVEL = 0;
				GCC_PREPROCESSOR_DEFINITIONS = "'CMAKE_INTDIR=\"$(CONFIGURATION)$(EFFECTIVE_PLATFORM_NAME)\"'";
				GCC_SYMBOLS_PRIVATE_EXTERN = NO;
				INSTALL_PATH = "";
				OTHER_CFLAGS = "  ";
				OTHER_LDFLAGS = " ";
				OTHER_REZFLAGS = "";
				PRODUCT_NAME = ALL_BUILD;
				SECTORDER_FLAGS = "";
				SYMROOT = /Users/nakatani.sho/git/smartdb;
				USE_HEADERMAP = NO;
				WARNING_CFLAGS = (
					"-Wmost",
					"-Wno-four-char-constants",
					"-Wno-unknown-pragmas",
				);
			};
			name = Debug;
		};
		0E6E8B14223842049245F6CE /* MinSizeRel */ = {
			isa = XCBuildConfiguration;
			buildSettings = {
				COMBINE_HIDPI_IMAGES = YES;
				GCC_GENERATE_DEBUGGING_SYMBOLS = NO;
				GCC_INLINES_ARE_PRIVATE_EXTERN = NO;
				GCC_OPTIMIZATION_LEVEL = 0;
				GCC_PREPROCESSOR_DEFINITIONS = "'CMAKE_INTDIR=\"$(CONFIGURATION)$(EFFECTIVE_PLATFORM_NAME)\"'";
				GCC_SYMBOLS_PRIVATE_EXTERN = NO;
				INSTALL_PATH = "";
				OTHER_CFLAGS = "  ";
				OTHER_LDFLAGS = " ";
				OTHER_REZFLAGS = "";
				PRODUCT_NAME = ALL_BUILD;
				SECTORDER_FLAGS = "";
				SYMROOT = /Users/nakatani.sho/git/smartdb;
				USE_HEADERMAP = NO;
				WARNING_CFLAGS = (
					"-Wmost",
					"-Wno-four-char-constants",
					"-Wno-unknown-pragmas",
				);
			};
			name = MinSizeRel;
		};
		1A31BF8DDDEE4C4194D86AF9 /* Debug */ = {
			isa = XCBuildConfiguration;
			buildSettings = {
				COMBINE_HIDPI_IMAGES = YES;
				GCC_GENERATE_DEBUGGING_SYMBOLS = NO;
				GCC_INLINES_ARE_PRIVATE_EXTERN = NO;
				GCC_OPTIMIZATION_LEVEL = 0;
				GCC_PREPROCESSOR_DEFINITIONS = "'CMAKE_INTDIR=\"$(CONFIGURATION)$(EFFECTIVE_PLATFORM_NAME)\"'";
				GCC_SYMBOLS_PRIVATE_EXTERN = NO;
				INSTALL_PATH = "";
				OTHER_CFLAGS = "  ";
				OTHER_LDFLAGS = " ";
				OTHER_REZFLAGS = "";
				PRODUCT_NAME = ZERO_CHECK;
				SECTORDER_FLAGS = "";
				SYMROOT = /Users/nakatani.sho/git/smartdb;
				USE_HEADERMAP = NO;
				WARNING_CFLAGS = (
					"-Wmost",
					"-Wno-four-char-constants",
					"-Wno-unknown-pragmas",
				);
			};
			name = Debug;
		};
		216C1674885449419D2833A5 /* Debug */ = {
			isa = XCBuildConfiguration;
			buildSettings = {
				COMBINE_HIDPI_IMAGES = YES;
				DYLIB_COMPATIBILITY_VERSION = "";
				DYLIB_CURRENT_VERSION = "";
				EXECUTABLE_PREFIX = lib;
				EXECUTABLE_SUFFIX = .dylib;
				GCC_GENERATE_DEBUGGING_SYMBOLS = YES;
				GCC_INLINES_ARE_PRIVATE_EXTERN = NO;
				GCC_OPTIMIZATION_LEVEL = 0;
				GCC_PREPROCESSOR_DEFINITIONS = (
					"'CMAKE_INTDIR=\"$(CONFIGURATION)$(EFFECTIVE_PLATFORM_NAME)\"'",
					libsmartdb_EXPORTS,
				);
				GCC_SYMBOLS_PRIVATE_EXTERN = NO;
				INSTALL_PATH = /Users/nakatani.sho/git/smartdb/Debug;
				LIBRARY_SEARCH_PATHS = "";
				LIBRARY_STYLE = DYNAMIC;
				OTHER_CFLAGS = "   -fPIC  ";
				OTHER_CPLUSPLUSFLAGS = "   -fPIC  ";
				OTHER_LDFLAGS = (
					"-dynamiclib",
					"-Wl,-headerpad_max_install_names",
				);
				OTHER_REZFLAGS = "";
				PRODUCT_NAME = libsmartdb;
				SECTORDER_FLAGS = "";
				SYMROOT = /Users/nakatani.sho/git/smartdb;
				USE_HEADERMAP = NO;
				WARNING_CFLAGS = (
					"-Wmost",
					"-Wno-four-char-constants",
					"-Wno-unknown-pragmas",
				);
			};
			name = Debug;
		};
		29991FAE4F084159B8FD8A78 /* RelWithDebInfo */ = {
			isa = XCBuildConfiguration;
			buildSettings = {
				COMBINE_HIDPI_IMAGES = YES;
				DYLIB_COMPATIBILITY_VERSION = "";
				DYLIB_CURRENT_VERSION = "";
				EXECUTABLE_PREFIX = lib;
				EXECUTABLE_SUFFIX = .dylib;
				GCC_GENERATE_DEBUGGING_SYMBOLS = YES;
				GCC_INLINES_ARE_PRIVATE_EXTERN = NO;
				GCC_OPTIMIZATION_LEVEL = 2;
				GCC_PREPROCESSOR_DEFINITIONS = (
					"'CMAKE_INTDIR=\"$(CONFIGURATION)$(EFFECTIVE_PLATFORM_NAME)\"'",
					libsmartdb_EXPORTS,
				);
				GCC_SYMBOLS_PRIVATE_EXTERN = NO;
				INSTALL_PATH = /Users/nakatani.sho/git/smartdb/RelWithDebInfo;
				LIBRARY_SEARCH_PATHS = "";
				LIBRARY_STYLE = DYNAMIC;
				OTHER_CFLAGS = (
					"-DNDEBUG",
					"-fPIC",
				);
				OTHER_CPLUSPLUSFLAGS = (
					"-DNDEBUG",
					"-fPIC",
				);
				OTHER_LDFLAGS = (
					"-dynamiclib",
					"-Wl,-headerpad_max_install_names",
				);
				OTHER_REZFLAGS = "";
				PRODUCT_NAME = libsmartdb;
				SECTORDER_FLAGS = "";
				SYMROOT = /Users/nakatani.sho/git/smartdb;
				USE_HEADERMAP = NO;
				WARNING_CFLAGS = (
					"-Wmost",
					"-Wno-four-char-constants",
					"-Wno-unknown-pragmas",
				);
			};
			name = RelWithDebInfo;
		};
		2A1047E602E342BBBB823F83 /* Release */ = {
			isa = XCBuildConfiguration;
			buildSettings = {
				COMBINE_HIDPI_IMAGES = YES;
				GCC_GENERATE_DEBUGGING_SYMBOLS = NO;
				GCC_INLINES_ARE_PRIVATE_EXTERN = NO;
				GCC_OPTIMIZATION_LEVEL = 0;
				GCC_PREPROCESSOR_DEFINITIONS = "'CMAKE_INTDIR=\"$(CONFIGURATION)$(EFFECTIVE_PLATFORM_NAME)\"'";
				GCC_SYMBOLS_PRIVATE_EXTERN = NO;
				INSTALL_PATH = "";
				OTHER_CFLAGS = "  ";
				OTHER_LDFLAGS = " ";
				OTHER_REZFLAGS = "";
				PRODUCT_NAME = ZERO_CHECK;
				SECTORDER_FLAGS = "";
				SYMROOT = /Users/nakatani.sho/git/smartdb;
				USE_HEADERMAP = NO;
				WARNING_CFLAGS = (
					"-Wmost",
					"-Wno-four-char-constants",
					"-Wno-unknown-pragmas",
				);
			};
			name = Release;
		};
		620D28A400E04550AD252987 /* Release */ = {
			isa = XCBuildConfiguration;
			buildSettings = {
				COMBINE_HIDPI_IMAGES = YES;
				GCC_GENERATE_DEBUGGING_SYMBOLS = NO;
				GCC_INLINES_ARE_PRIVATE_EXTERN = NO;
				GCC_OPTIMIZATION_LEVEL = 0;
				GCC_PREPROCESSOR_DEFINITIONS = "'CMAKE_INTDIR=\"$(CONFIGURATION)$(EFFECTIVE_PLATFORM_NAME)\"'";
				GCC_SYMBOLS_PRIVATE_EXTERN = NO;
				INSTALL_PATH = "";
				OTHER_CFLAGS = "  ";
				OTHER_LDFLAGS = " ";
				OTHER_REZFLAGS = "";
				PRODUCT_NAME = ALL_BUILD;
				SECTORDER_FLAGS = "";
				SYMROOT = /Users/nakatani.sho/git/smartdb;
				USE_HEADERMAP = NO;
				WARNING_CFLAGS = (
					"-Wmost",
					"-Wno-four-char-constants",
					"-Wno-unknown-pragmas",
				);
			};
			name = Release;
		};
		70626A06E1AD471AA39EBF90 /* MinSizeRel */ = {
			isa = XCBuildConfiguration;
			buildSettings = {
				ARCHS = "$(ARCHS_STANDARD_32_64_BIT)";
				ONLY_ACTIVE_ARCH = YES;
				SDKROOT = /Applications/Xcode.app/Contents/Developer/Platforms/MacOSX.platform/Developer/SDKs/MacOSX10.9.sdk;
				SYMROOT = /Users/nakatani.sho/git/smartdb/build;
			};
			name = MinSizeRel;
		};
		8893809B424B4B50B4B14A07 /* RelWithDebInfo */ = {
			isa = XCBuildConfiguration;
			buildSettings = {
				COMBINE_HIDPI_IMAGES = YES;
				GCC_GENERATE_DEBUGGING_SYMBOLS = NO;
				GCC_INLINES_ARE_PRIVATE_EXTERN = NO;
				GCC_OPTIMIZATION_LEVEL = 0;
				GCC_PREPROCESSOR_DEFINITIONS = "'CMAKE_INTDIR=\"$(CONFIGURATION)$(EFFECTIVE_PLATFORM_NAME)\"'";
				GCC_SYMBOLS_PRIVATE_EXTERN = NO;
				INSTALL_PATH = "";
				OTHER_CFLAGS = "  ";
				OTHER_LDFLAGS = " ";
				OTHER_REZFLAGS = "";
				PRODUCT_NAME = ZERO_CHECK;
				SECTORDER_FLAGS = "";
				SYMROOT = /Users/nakatani.sho/git/smartdb;
				USE_HEADERMAP = NO;
				WARNING_CFLAGS = (
					"-Wmost",
					"-Wno-four-char-constants",
					"-Wno-unknown-pragmas",
				);
			};
			name = RelWithDebInfo;
		};
		90D9462AB2DD4D8AAD1FC852 /* MinSizeRel */ = {
			isa = XCBuildConfiguration;
			buildSettings = {
				COMBINE_HIDPI_IMAGES = YES;
				GCC_GENERATE_DEBUGGING_SYMBOLS = NO;
				GCC_INLINES_ARE_PRIVATE_EXTERN = NO;
				GCC_OPTIMIZATION_LEVEL = 0;
				GCC_PREPROCESSOR_DEFINITIONS = "'CMAKE_INTDIR=\"$(CONFIGURATION)$(EFFECTIVE_PLATFORM_NAME)\"'";
				GCC_SYMBOLS_PRIVATE_EXTERN = NO;
				INSTALL_PATH = "";
				OTHER_CFLAGS = "  ";
				OTHER_LDFLAGS = " ";
				OTHER_REZFLAGS = "";
				PRODUCT_NAME = ZERO_CHECK;
				SECTORDER_FLAGS = "";
				SYMROOT = /Users/nakatani.sho/git/smartdb;
				USE_HEADERMAP = NO;
				WARNING_CFLAGS = (
					"-Wmost",
					"-Wno-four-char-constants",
					"-Wno-unknown-pragmas",
				);
			};
			name = MinSizeRel;
		};
		9C983C982A5841298021E48D /* RelWithDebInfo */ = {
			isa = XCBuildConfiguration;
			buildSettings = {
				COMBINE_HIDPI_IMAGES = YES;
				GCC_GENERATE_DEBUGGING_SYMBOLS = NO;
				GCC_INLINES_ARE_PRIVATE_EXTERN = NO;
				GCC_OPTIMIZATION_LEVEL = 0;
				GCC_PREPROCESSOR_DEFINITIONS = "'CMAKE_INTDIR=\"$(CONFIGURATION)$(EFFECTIVE_PLATFORM_NAME)\"'";
				GCC_SYMBOLS_PRIVATE_EXTERN = NO;
				INSTALL_PATH = "";
				OTHER_CFLAGS = "  ";
				OTHER_LDFLAGS = " ";
				OTHER_REZFLAGS = "";
				PRODUCT_NAME = ALL_BUILD;
				SECTORDER_FLAGS = "";
				SYMROOT = /Users/nakatani.sho/git/smartdb;
				USE_HEADERMAP = NO;
				WARNING_CFLAGS = (
					"-Wmost",
					"-Wno-four-char-constants",
					"-Wno-unknown-pragmas",
				);
			};
			name = RelWithDebInfo;
		};
		9CE626C9A40D49E385CE0885 /* RelWithDebInfo */ = {
			isa = XCBuildConfiguration;
			buildSettings = {
				ARCHS = "$(ARCHS_STANDARD_32_64_BIT)";
				ONLY_ACTIVE_ARCH = YES;
				SDKROOT = /Applications/Xcode.app/Contents/Developer/Platforms/MacOSX.platform/Developer/SDKs/MacOSX10.9.sdk;
				SYMROOT = /Users/nakatani.sho/git/smartdb/build;
			};
			name = RelWithDebInfo;
		};
		AAD3F7C2F6324B4C84300FDC /* Release */ = {
			isa = XCBuildConfiguration;
			buildSettings = {
				ARCHS = "$(ARCHS_STANDARD_32_64_BIT)";
				ONLY_ACTIVE_ARCH = YES;
				SDKROOT = /Applications/Xcode.app/Contents/Developer/Platforms/MacOSX.platform/Developer/SDKs/MacOSX10.9.sdk;
				SYMROOT = /Users/nakatani.sho/git/smartdb/build;
			};
			name = Release;
		};
		B23917AC377B4AD88F54EEE5 /* MinSizeRel */ = {
			isa = XCBuildConfiguration;
			buildSettings = {
				COMBINE_HIDPI_IMAGES = YES;
				DYLIB_COMPATIBILITY_VERSION = "";
				DYLIB_CURRENT_VERSION = "";
				EXECUTABLE_PREFIX = lib;
				EXECUTABLE_SUFFIX = .dylib;
				GCC_GENERATE_DEBUGGING_SYMBOLS = NO;
				GCC_INLINES_ARE_PRIVATE_EXTERN = NO;
				GCC_OPTIMIZATION_LEVEL = s;
				GCC_PREPROCESSOR_DEFINITIONS = (
					"'CMAKE_INTDIR=\"$(CONFIGURATION)$(EFFECTIVE_PLATFORM_NAME)\"'",
					libsmartdb_EXPORTS,
				);
				GCC_SYMBOLS_PRIVATE_EXTERN = NO;
				INSTALL_PATH = /Users/nakatani.sho/git/smartdb/MinSizeRel;
				LIBRARY_SEARCH_PATHS = "";
				LIBRARY_STYLE = DYNAMIC;
				OTHER_CFLAGS = (
					"-DNDEBUG",
					"-fPIC",
				);
				OTHER_CPLUSPLUSFLAGS = (
					"-DNDEBUG",
					"-fPIC",
				);
				OTHER_LDFLAGS = (
					"-dynamiclib",
					"-Wl,-headerpad_max_install_names",
				);
				OTHER_REZFLAGS = "";
				PRODUCT_NAME = libsmartdb;
				SECTORDER_FLAGS = "";
				SYMROOT = /Users/nakatani.sho/git/smartdb;
				USE_HEADERMAP = NO;
				WARNING_CFLAGS = (
					"-Wmost",
					"-Wno-four-char-constants",
					"-Wno-unknown-pragmas",
				);
			};
			name = MinSizeRel;
		};
		D44460E004CB407EB79F9C3F /* Debug */ = {
			isa = XCBuildConfiguration;
			buildSettings = {
				ARCHS = "$(ARCHS_STANDARD_32_64_BIT)";
				ONLY_ACTIVE_ARCH = YES;
				SDKROOT = /Applications/Xcode.app/Contents/Developer/Platforms/MacOSX.platform/Developer/SDKs/MacOSX10.9.sdk;
				SYMROOT = /Users/nakatani.sho/git/smartdb/build;
			};
			name = Debug;
		};
		FE1FB9004D3240F9AFA2E862 /* Release */ = {
			isa = XCBuildConfiguration;
			buildSettings = {
				COMBINE_HIDPI_IMAGES = YES;
				DYLIB_COMPATIBILITY_VERSION = "";
				DYLIB_CURRENT_VERSION = "";
				EXECUTABLE_PREFIX = lib;
				EXECUTABLE_SUFFIX = .dylib;
				GCC_GENERATE_DEBUGGING_SYMBOLS = NO;
				GCC_INLINES_ARE_PRIVATE_EXTERN = NO;
				GCC_OPTIMIZATION_LEVEL = 3;
				GCC_PREPROCESSOR_DEFINITIONS = (
					"'CMAKE_INTDIR=\"$(CONFIGURATION)$(EFFECTIVE_PLATFORM_NAME)\"'",
					libsmartdb_EXPORTS,
				);
				GCC_SYMBOLS_PRIVATE_EXTERN = NO;
				INSTALL_PATH = /Users/nakatani.sho/git/smartdb/Release;
				LIBRARY_SEARCH_PATHS = "";
				LIBRARY_STYLE = DYNAMIC;
				OTHER_CFLAGS = (
					"-DNDEBUG",
					"-fPIC",
				);
				OTHER_CPLUSPLUSFLAGS = (
					"-DNDEBUG",
					"-fPIC",
				);
				OTHER_LDFLAGS = (
					"-dynamiclib",
					"-Wl,-headerpad_max_install_names",
				);
				OTHER_REZFLAGS = "";
				PRODUCT_NAME = libsmartdb;
				SECTORDER_FLAGS = "";
				SYMROOT = /Users/nakatani.sho/git/smartdb;
				USE_HEADERMAP = NO;
				WARNING_CFLAGS = (
					"-Wmost",
					"-Wno-four-char-constants",
					"-Wno-unknown-pragmas",
				);
			};
			name = Release;
		};
/* End XCBuildConfiguration section */

/* Begin XCConfigurationList section */
		07938FA421CA492F9A5D1ACB /* Build configuration list for PBXAggregateTarget "ALL_BUILD" */ = {
			isa = XCConfigurationList;
			buildConfigurations = (
				02D093C8EEA54EA59D779F0D /* Debug */,
				620D28A400E04550AD252987 /* Release */,
				0E6E8B14223842049245F6CE /* MinSizeRel */,
				9C983C982A5841298021E48D /* RelWithDebInfo */,
			);
			defaultConfigurationIsVisible = 0;
			defaultConfigurationName = Debug;
		};
		2E4A66FC50C2461E9D96355F /* Build configuration list for PBXNativeTarget "libsmartdb" */ = {
			isa = XCConfigurationList;
			buildConfigurations = (
				216C1674885449419D2833A5 /* Debug */,
				FE1FB9004D3240F9AFA2E862 /* Release */,
				B23917AC377B4AD88F54EEE5 /* MinSizeRel */,
				29991FAE4F084159B8FD8A78 /* RelWithDebInfo */,
			);
			defaultConfigurationIsVisible = 0;
			defaultConfigurationName = Debug;
		};
		96AA9A050BAF45919075ECDB /* Build configuration list for PBXAggregateTarget "ZERO_CHECK" */ = {
			isa = XCConfigurationList;
			buildConfigurations = (
				1A31BF8DDDEE4C4194D86AF9 /* Debug */,
				2A1047E602E342BBBB823F83 /* Release */,
				90D9462AB2DD4D8AAD1FC852 /* MinSizeRel */,
				8893809B424B4B50B4B14A07 /* RelWithDebInfo */,
			);
			defaultConfigurationIsVisible = 0;
			defaultConfigurationName = Debug;
		};
		FF8ECFE2135E4CF8B196C248 /* Build configuration list for PBXProject "smartdb" */ = {
			isa = XCConfigurationList;
			buildConfigurations = (
				D44460E004CB407EB79F9C3F /* Debug */,
				AAD3F7C2F6324B4C84300FDC /* Release */,
				70626A06E1AD471AA39EBF90 /* MinSizeRel */,
				9CE626C9A40D49E385CE0885 /* RelWithDebInfo */,
			);
			defaultConfigurationIsVisible = 0;
			defaultConfigurationName = Debug;
		};
/* End XCConfigurationList section */
	};
	rootObject = 7B3244CA84444B0DA8E1FFF1 /* Project object */;
}
